{
  "lockfile_version": "1",
  "packages": {
    "buf@latest": {
      "last_modified": "2025-06-20T02:24:11Z",
      "resolved": "github:NixOS/nixpkgs/076e8c6678d8c54204abcb4b1b14c366835a58bb#buf",
      "source": "devbox-search",
      "version": "1.52.1",
      "systems": {
        "aarch64-darwin": {
          "outputs": [
            {
              "name": "out",
              "path": "/nix/store/i7p0wy4xl2mvsm0f4m0j4hwmm093xvs1-buf-1.52.1",
              "default": true
            }
          ],
          "store_path": "/nix/store/i7p0wy4xl2mvsm0f4m0j4hwmm093xvs1-buf-1.52.1"
        },
        "aarch64-linux": {
          "outputs": [
            {
              "name": "out",
              "path": "/nix/store/vlwjrzf0ycc40prpvwnfkfsd3y86vqb4-buf-1.52.1",
              "default": true
            }
          ],
          "store_path": "/nix/store/vlwjrzf0ycc40prpvwnfkfsd3y86vqb4-buf-1.52.1"
        },
        "x86_64-darwin": {
          "outputs": [
            {
              "name": "out",
              "path": "/nix/store/9bq3i811mx372z1mx3fkrxfc4pjmznvc-buf-1.52.1",
              "default": true
            }
          ],
          "store_path": "/nix/store/9bq3i811mx372z1mx3fkrxfc4pjmznvc-buf-1.52.1"
        },
        "x86_64-linux": {
          "outputs": [
            {
              "name": "out",
              "path": "/nix/store/6gjrfglca0l5dfjq3zax8qvlk1zvylpa-buf-1.52.1",
              "default": true
            }
          ],
          "store_path": "/nix/store/6gjrfglca0l5dfjq3zax8qvlk1zvylpa-buf-1.52.1"
        }
      }
    },
    "evans@latest": {
      "last_modified": "2025-06-20T02:24:11Z",
      "resolved": "github:NixOS/nixpkgs/076e8c6678d8c54204abcb4b1b14c366835a58bb#evans",
      "source": "devbox-search",
      "version": "0.10.11",
      "systems": {
        "aarch64-darwin": {
          "outputs": [
            {
              "name": "out",
              "path": "/nix/store/1sp94y9zga7bmr5bc3i63zdxnkcc9lcj-evans-0.10.11",
              "default": true
            }
          ],
          "store_path": "/nix/store/1sp94y9zga7bmr5bc3i63zdxnkcc9lcj-evans-0.10.11"
        },
        "aarch64-linux": {
          "outputs": [
            {
              "name": "out",
              "path": "/nix/store/7mpwrmgzmjwp2bgivfgahcrirahlymd6-evans-0.10.11",
              "default": true
            }
          ],
          "store_path": "/nix/store/7mpwrmgzmjwp2bgivfgahcrirahlymd6-evans-0.10.11"
        },
        "x86_64-darwin": {
          "outputs": [
            {
              "name": "out",
              "path": "/nix/store/96d75mchnmrabr5bvci9kngdz6hriv2d-evans-0.10.11",
              "default": true
            }
          ],
          "store_path": "/nix/store/96d75mchnmrabr5bvci9kngdz6hriv2d-evans-0.10.11"
        },
        "x86_64-linux": {
          "outputs": [
            {
              "name": "out",
              "path": "/nix/store/jxhqh3gg84izlmq7n3k4a4spks29xg50-evans-0.10.11",
              "default": true
            }
          ],
          "store_path": "/nix/store/jxhqh3gg84izlmq7n3k4a4spks29xg50-evans-0.10.11"
        }
      }
    },
    "ginkgo@latest": {
      "last_modified": "2025-06-20T02:24:11Z",
      "resolved": "github:NixOS/nixpkgs/076e8c6678d8c54204abcb4b1b14c366835a58bb#ginkgo",
      "source": "devbox-search",
      "version": "2.23.4",
      "systems": {
        "aarch64-darwin": {
          "outputs": [
            {
              "name": "out",
              "path": "/nix/store/c24ngj9vlw59g35hk9cm7qh138n3zl01-ginkgo-2.23.4",
              "default": true
            }
          ],
          "store_path": "/nix/store/c24ngj9vlw59g35hk9cm7qh138n3zl01-ginkgo-2.23.4"
        },
        "aarch64-linux": {
          "outputs": [
            {
              "name": "out",
              "path": "/nix/store/ss8pc1hskv40p58pm6s1r6rmn8cc2529-ginkgo-2.23.4",
              "default": true
            }
          ],
          "store_path": "/nix/store/ss8pc1hskv40p58pm6s1r6rmn8cc2529-ginkgo-2.23.4"
        },
        "x86_64-darwin": {
          "outputs": [
            {
              "name": "out",
              "path": "/nix/store/ksw0gb89pqc4b082pkhq56glb3vlrcl2-ginkgo-2.23.4",
              "default": true
            }
          ],
          "store_path": "/nix/store/ksw0gb89pqc4b082pkhq56glb3vlrcl2-ginkgo-2.23.4"
        },
        "x86_64-linux": {
          "outputs": [
            {
              "name": "out",
              "path": "/nix/store/lpxqaawjdj5y0j50icxc5mw30v3hw8y6-ginkgo-2.23.4",
              "default": true
            }
          ],
          "store_path": "/nix/store/lpxqaawjdj5y0j50icxc5mw30v3hw8y6-ginkgo-2.23.4"
        }
      }
    },
    "github:NixOS/nixpkgs/nixpkgs-unstable": {
      "last_modified": "2025-06-18T03:01:18Z",
      "resolved": "github:NixOS/nixpkgs/5395fb3ab3f97b9b7abca147249fa2e8ed27b192?lastModified=1750215678&narHash=sha256-Rc%2FytpamXRf6z8UA2SGa4aaWxUXRbX2MAWIu2C8M%2Bok%3D"
    },
    "go@latest": {
      "last_modified": "2025-05-16T20:19:48Z",
      "resolved": "github:NixOS/nixpkgs/12a55407652e04dcf2309436eb06fef0d3713ef3#go",
      "source": "devbox-search",
      "version": "1.24.3",
      "systems": {
        "aarch64-darwin": {
          "outputs": [
            {
              "name": "out",
              "path": "/nix/store/ps3admpzmc1ryvn9q7sw5xfd94dkrb3f-go-1.24.3",
              "default": true
            }
          ],
          "store_path": "/nix/store/ps3admpzmc1ryvn9q7sw5xfd94dkrb3f-go-1.24.3"
        },
        "aarch64-linux": {
          "outputs": [
            {
              "name": "out",
              "path": "/nix/store/45bnqhyyq40p91k3cjw0farx3hn1swx6-go-1.24.3",
              "default": true
            }
          ],
          "store_path": "/nix/store/45bnqhyyq40p91k3cjw0farx3hn1swx6-go-1.24.3"
        },
        "x86_64-darwin": {
          "outputs": [
            {
              "name": "out",
              "path": "/nix/store/9z2kb6hxij7pqi0fgcn9ijhpb7ajpazs-go-1.24.3",
              "default": true
            }
          ],
          "store_path": "/nix/store/9z2kb6hxij7pqi0fgcn9ijhpb7ajpazs-go-1.24.3"
        },
        "x86_64-linux": {
          "outputs": [
            {
              "name": "out",
              "path": "/nix/store/5xvi25nqmbrg58aixp4zgczilfnp7pwg-go-1.24.3",
              "default": true
            }
          ],
          "store_path": "/nix/store/5xvi25nqmbrg58aixp4zgczilfnp7pwg-go-1.24.3"
        }
      }
    },
    "grpcurl@latest": {
      "last_modified": "2025-06-20T02:24:11Z",
      "resolved": "github:NixOS/nixpkgs/076e8c6678d8c54204abcb4b1b14c366835a58bb#grpcurl",
      "source": "devbox-search",
      "version": "1.9.3",
      "systems": {
        "aarch64-darwin": {
          "outputs": [
            {
              "name": "out",
              "path": "/nix/store/a0bz2hwmx36xs642ax5z8dz00kzahl4s-grpcurl-1.9.3",
              "default": true
            }
          ],
          "store_path": "/nix/store/a0bz2hwmx36xs642ax5z8dz00kzahl4s-grpcurl-1.9.3"
        },
        "aarch64-linux": {
          "outputs": [
            {
              "name": "out",
              "path": "/nix/store/gg8sm5pgpbnc4dd4jshdyr953yhsmssq-grpcurl-1.9.3",
              "default": true
            }
          ],
          "store_path": "/nix/store/gg8sm5pgpbnc4dd4jshdyr953yhsmssq-grpcurl-1.9.3"
        },
        "x86_64-darwin": {
          "outputs": [
            {
              "name": "out",
              "path": "/nix/store/rcsp33jfy23mpr1mp31mp3hbbj367qd5-grpcurl-1.9.3",
              "default": true
            }
          ],
          "store_path": "/nix/store/rcsp33jfy23mpr1mp31mp3hbbj367qd5-grpcurl-1.9.3"
        },
        "x86_64-linux": {
          "outputs": [
            {
              "name": "out",
              "path": "/nix/store/x25iihfhkk8xmajp5nnn3xwf8af39bis-grpcurl-1.9.3",
              "default": true
            }
          ],
          "store_path": "/nix/store/x25iihfhkk8xmajp5nnn3xwf8af39bis-grpcurl-1.9.3"
        }
      }
    },
    "markdownlint-cli@latest": {
      "last_modified": "2025-06-20T02:24:11Z",
      "resolved": "github:NixOS/nixpkgs/076e8c6678d8c54204abcb4b1b14c366835a58bb#markdownlint-cli",
      "source": "devbox-search",
      "version": "0.45.0",
      "systems": {
        "aarch64-darwin": {
          "outputs": [
            {
              "name": "out",
              "path": "/nix/store/akplzh5hbai1z30ij2w5z627mv5j2290-markdownlint-cli-0.45.0",
              "default": true
            }
          ],
          "store_path": "/nix/store/akplzh5hbai1z30ij2w5z627mv5j2290-markdownlint-cli-0.45.0"
        },
        "aarch64-linux": {
          "outputs": [
            {
              "name": "out",
              "path": "/nix/store/xxxqj6dy2x6wh6mlan7yy125s9sxh5qj-markdownlint-cli-0.45.0",
              "default": true
            }
          ],
          "store_path": "/nix/store/xxxqj6dy2x6wh6mlan7yy125s9sxh5qj-markdownlint-cli-0.45.0"
        },
        "x86_64-darwin": {
          "outputs": [
            {
              "name": "out",
              "path": "/nix/store/blxd1cpfl6ag0fhx26n4vhpb2pvw17vl-markdownlint-cli-0.45.0",
              "default": true
            }
          ],
          "store_path": "/nix/store/blxd1cpfl6ag0fhx26n4vhpb2pvw17vl-markdownlint-cli-0.45.0"
        },
        "x86_64-linux": {
          "outputs": [
            {
              "name": "out",
              "path": "/nix/store/2y9k2i40hyxjh6rr39iwm9bapbvlw3fi-markdownlint-cli-0.45.0",
              "default": true
            }
          ],
          "store_path": "/nix/store/2y9k2i40hyxjh6rr39iwm9bapbvlw3fi-markdownlint-cli-0.45.0"
        }
      }
    }
  }
}
