{
  "lockfile_version": "1",
  "packages": {
    "android-tools@latest": {
      "last_modified": "2025-09-18T16:33:27Z",
      "resolved": "github:NixOS/nixpkgs/f4b140d5b253f5e2a1ff4e5506edbf8267724bde#android-tools",
      "source": "devbox-search",
      "version": "35.0.2",
      "systems": {
        "aarch64-darwin": {
          "outputs": [
            {
              "name": "out",
              "path": "/nix/store/56lqb104d6cndzlb26qgmi6s7yafxyih-android-tools-35.0.2",
              "default": true
            }
          ],
          "store_path": "/nix/store/56lqb104d6cndzlb26qgmi6s7yafxyih-android-tools-35.0.2"
        },
        "aarch64-linux": {
          "outputs": [
            {
              "name": "out",
              "path": "/nix/store/sjxgj3mn9r26jx5phzcgrnzhkkypp8g6-android-tools-35.0.2",
              "default": true
            }
          ],
          "store_path": "/nix/store/sjxgj3mn9r26jx5phzcgrnzhkkypp8g6-android-tools-35.0.2"
        },
        "x86_64-darwin": {
          "outputs": [
            {
              "name": "out",
              "path": "/nix/store/i8y5b0qb6pmz22rvmlvvsdb6sr2chanx-android-tools-35.0.2",
              "default": true
            }
          ],
          "store_path": "/nix/store/i8y5b0qb6pmz22rvmlvvsdb6sr2chanx-android-tools-35.0.2"
        },
        "x86_64-linux": {
          "outputs": [
            {
              "name": "out",
              "path": "/nix/store/q17av8m8k96y1yqqssbbpi9r8fnbyhp2-android-tools-35.0.2",
              "default": true
            }
          ],
          "store_path": "/nix/store/q17av8m8k96y1yqqssbbpi9r8fnbyhp2-android-tools-35.0.2"
        }
      }
    },
    "ast-grep@latest": {
      "last_modified": "2025-07-24T23:24:55Z",
      "resolved": "github:NixOS/nixpkgs/0d00f23f023b7215b3f1035adb5247c8ec180dbc#ast-grep",
      "source": "devbox-search",
      "version": "0.39.1",
      "systems": {
        "aarch64-darwin": {
          "outputs": [
            {
              "name": "out",
              "path": "/nix/store/99zzyzf0ys294digl3p47rlr8f69bbjz-ast-grep-0.39.1",
              "default": true
            }
          ],
          "store_path": "/nix/store/99zzyzf0ys294digl3p47rlr8f69bbjz-ast-grep-0.39.1"
        },
        "aarch64-linux": {
          "outputs": [
            {
              "name": "out",
              "path": "/nix/store/04hhvx3x2w6hb234608bm5gl731gi9mx-ast-grep-0.39.1",
              "default": true
            }
          ],
          "store_path": "/nix/store/04hhvx3x2w6hb234608bm5gl731gi9mx-ast-grep-0.39.1"
        },
        "x86_64-darwin": {
          "outputs": [
            {
              "name": "out",
              "path": "/nix/store/8n63m8y5mxl64vw2v6lcp24l2ncwvbw5-ast-grep-0.39.1",
              "default": true
            }
          ],
          "store_path": "/nix/store/8n63m8y5mxl64vw2v6lcp24l2ncwvbw5-ast-grep-0.39.1"
        },
        "x86_64-linux": {
          "outputs": [
            {
              "name": "out",
              "path": "/nix/store/kv3swr7azybs4x6d1yfx6kb3idiss069-ast-grep-0.39.1",
              "default": true
            }
          ],
          "store_path": "/nix/store/kv3swr7azybs4x6d1yfx6kb3idiss069-ast-grep-0.39.1"
        }
      }
    },
    "buf@latest": {
      "last_modified": "2025-07-13T22:45:35Z",
      "resolved": "github:NixOS/nixpkgs/a421ac6595024edcfbb1ef950a3712b89161c359#buf",
      "source": "devbox-search",
      "version": "1.55.1",
      "systems": {
        "aarch64-darwin": {
          "outputs": [
            {
              "name": "out",
              "path": "/nix/store/88rwj8mm2ncmnqgrzyja1pkkbam7i7i9-buf-1.55.1",
              "default": true
            }
          ],
          "store_path": "/nix/store/88rwj8mm2ncmnqgrzyja1pkkbam7i7i9-buf-1.55.1"
        },
        "aarch64-linux": {
          "outputs": [
            {
              "name": "out",
              "path": "/nix/store/yxi4mfv1vlq5ca68zlv3afj14gsyfss9-buf-1.55.1",
              "default": true
            }
          ],
          "store_path": "/nix/store/yxi4mfv1vlq5ca68zlv3afj14gsyfss9-buf-1.55.1"
        },
        "x86_64-darwin": {
          "outputs": [
            {
              "name": "out",
              "path": "/nix/store/cfsdvil9472h0i0s0bkhaxzlgr6px95h-buf-1.55.1",
              "default": true
            }
          ],
          "store_path": "/nix/store/cfsdvil9472h0i0s0bkhaxzlgr6px95h-buf-1.55.1"
        },
        "x86_64-linux": {
          "outputs": [
            {
              "name": "out",
              "path": "/nix/store/lclnd0b5h24kv3780k34l938219j74kb-buf-1.55.1",
              "default": true
            }
          ],
          "store_path": "/nix/store/lclnd0b5h24kv3780k34l938219j74kb-buf-1.55.1"
        }
      }
    },
    "bun@latest": {
      "last_modified": "2025-07-24T15:00:16Z",
      "resolved": "github:NixOS/nixpkgs/b74a30dbc0a72e20df07d43109339f780b439291#bun",
      "source": "devbox-search",
      "version": "1.2.19",
      "systems": {
        "aarch64-darwin": {
          "outputs": [
            {
              "name": "out",
              "path": "/nix/store/xi538cxm2gd6k0srwnxvx380ymc78gaa-bun-1.2.19",
              "default": true
            }
          ],
          "store_path": "/nix/store/xi538cxm2gd6k0srwnxvx380ymc78gaa-bun-1.2.19"
        },
        "aarch64-linux": {
          "outputs": [
            {
              "name": "out",
              "path": "/nix/store/ayqrpbrc7r6868iflb71rmjzgwr1f2pg-bun-1.2.19",
              "default": true
            }
          ],
          "store_path": "/nix/store/ayqrpbrc7r6868iflb71rmjzgwr1f2pg-bun-1.2.19"
        },
        "x86_64-darwin": {
          "outputs": [
            {
              "name": "out",
              "path": "/nix/store/3csvln9p016hvis7rpmmcgv33ikz5n8s-bun-1.2.19",
              "default": true
            }
          ],
          "store_path": "/nix/store/3csvln9p016hvis7rpmmcgv33ikz5n8s-bun-1.2.19"
        },
        "x86_64-linux": {
          "outputs": [
            {
              "name": "out",
              "path": "/nix/store/bb93vc9drgyg8gs121knnwr160aynl1w-bun-1.2.19",
              "default": true
            }
          ],
          "store_path": "/nix/store/bb93vc9drgyg8gs121knnwr160aynl1w-bun-1.2.19"
        }
      }
    },
    "chromium@latest": {
      "last_modified": "2025-07-24T15:00:16Z",
      "resolved": "github:NixOS/nixpkgs/b74a30dbc0a72e20df07d43109339f780b439291#chromium",
      "source": "devbox-search",
      "version": "138.0.7204.168",
      "systems": {
        "aarch64-linux": {
          "outputs": [
            {
              "name": "out",
              "path": "/nix/store/hmn5ivhpz84k39lyagljxy7x58lbwd26-chromium-138.0.7204.168",
              "default": true
            },
            {
              "name": "sandbox",
              "path": "/nix/store/qmbxqy66fmbipkdarwwnbd648rficax5-chromium-138.0.7204.168-sandbox"
            }
          ],
          "store_path": "/nix/store/hmn5ivhpz84k39lyagljxy7x58lbwd26-chromium-138.0.7204.168"
        },
        "x86_64-linux": {
          "outputs": [
            {
              "name": "out",
              "path": "/nix/store/pzw249sx45a75ywilc5n2q1c9id7x275-chromium-138.0.7204.168",
              "default": true
            },
            {
              "name": "sandbox",
              "path": "/nix/store/vx51kanxiq7dq92cajvxflkzqzsf3czv-chromium-138.0.7204.168-sandbox"
            }
          ],
          "store_path": "/nix/store/pzw249sx45a75ywilc5n2q1c9id7x275-chromium-138.0.7204.168"
        }
      }
    },
    "evans@latest": {
      "last_modified": "2025-07-13T22:45:35Z",
      "resolved": "github:NixOS/nixpkgs/a421ac6595024edcfbb1ef950a3712b89161c359#evans",
      "source": "devbox-search",
      "version": "0.10.11",
      "systems": {
        "aarch64-darwin": {
          "outputs": [
            {
              "name": "out",
              "path": "/nix/store/blck76c3r266awrk7b8wqsxvnp7h50is-evans-0.10.11",
              "default": true
            }
          ],
          "store_path": "/nix/store/blck76c3r266awrk7b8wqsxvnp7h50is-evans-0.10.11"
        },
        "aarch64-linux": {
          "outputs": [
            {
              "name": "out",
              "path": "/nix/store/jb3vzk69lh8gvgfy7iwxk9p06ld04k7p-evans-0.10.11",
              "default": true
            }
          ],
          "store_path": "/nix/store/jb3vzk69lh8gvgfy7iwxk9p06ld04k7p-evans-0.10.11"
        },
        "x86_64-darwin": {
          "outputs": [
            {
              "name": "out",
              "path": "/nix/store/frlqyambxqx441mbml67g3aniixcp51x-evans-0.10.11",
              "default": true
            }
          ],
          "store_path": "/nix/store/frlqyambxqx441mbml67g3aniixcp51x-evans-0.10.11"
        },
        "x86_64-linux": {
          "outputs": [
            {
              "name": "out",
              "path": "/nix/store/ljx1lbdlxknwyyr2n00np02rx2w2b44h-evans-0.10.11",
              "default": true
            }
          ],
          "store_path": "/nix/store/ljx1lbdlxknwyyr2n00np02rx2w2b44h-evans-0.10.11"
        }
      }
    },
    "gh@latest": {
      "last_modified": "2025-07-24T15:00:16Z",
      "resolved": "github:NixOS/nixpkgs/b74a30dbc0a72e20df07d43109339f780b439291#gh",
      "source": "devbox-search",
      "version": "2.76.1",
      "systems": {
        "aarch64-darwin": {
          "outputs": [
            {
              "name": "out",
              "path": "/nix/store/1rk4zapq51hwrx1shzd059aha1n8rpys-gh-2.76.1",
              "default": true
            }
          ],
          "store_path": "/nix/store/1rk4zapq51hwrx1shzd059aha1n8rpys-gh-2.76.1"
        },
        "aarch64-linux": {
          "outputs": [
            {
              "name": "out",
              "path": "/nix/store/wnbz91jxavdyrql8gn4lccl236p49684-gh-2.76.1",
              "default": true
            }
          ],
          "store_path": "/nix/store/wnbz91jxavdyrql8gn4lccl236p49684-gh-2.76.1"
        },
        "x86_64-darwin": {
          "outputs": [
            {
              "name": "out",
              "path": "/nix/store/vs7c36g9bz9wqkpy8lf48c1c2r2d9d7c-gh-2.76.1",
              "default": true
            }
          ],
          "store_path": "/nix/store/vs7c36g9bz9wqkpy8lf48c1c2r2d9d7c-gh-2.76.1"
        },
        "x86_64-linux": {
          "outputs": [
            {
              "name": "out",
              "path": "/nix/store/sv3yv54i9wn5xmi3ppvdsq6xx4iv4axa-gh-2.76.1",
              "default": true
            }
          ],
          "store_path": "/nix/store/sv3yv54i9wn5xmi3ppvdsq6xx4iv4axa-gh-2.76.1"
        }
      }
    },
    "ginkgo@latest": {
      "last_modified": "2025-07-13T22:45:35Z",
      "resolved": "github:NixOS/nixpkgs/a421ac6595024edcfbb1ef950a3712b89161c359#ginkgo",
      "source": "devbox-search",
      "version": "2.23.4",
      "systems": {
        "aarch64-darwin": {
          "outputs": [
            {
              "name": "out",
              "path": "/nix/store/dry2vryk6w8hjkzbfv9mnr9k4mrzcpqw-ginkgo-2.23.4",
              "default": true
            }
          ],
          "store_path": "/nix/store/dry2vryk6w8hjkzbfv9mnr9k4mrzcpqw-ginkgo-2.23.4"
        },
        "aarch64-linux": {
          "outputs": [
            {
              "name": "out",
              "path": "/nix/store/p0pv29k0i7mj5bi8fs3sgas4q2kg6807-ginkgo-2.23.4",
              "default": true
            }
          ],
          "store_path": "/nix/store/p0pv29k0i7mj5bi8fs3sgas4q2kg6807-ginkgo-2.23.4"
        },
        "x86_64-darwin": {
          "outputs": [
            {
              "name": "out",
              "path": "/nix/store/ggvvhiwqqhig1xmfnkda2kp0qw4g9cpp-ginkgo-2.23.4",
              "default": true
            }
          ],
          "store_path": "/nix/store/ggvvhiwqqhig1xmfnkda2kp0qw4g9cpp-ginkgo-2.23.4"
        },
        "x86_64-linux": {
          "outputs": [
            {
              "name": "out",
              "path": "/nix/store/f6cqkmkb4zjg0gj85mr9bnjbihq3zr2g-ginkgo-2.23.4",
              "default": true
            }
          ],
          "store_path": "/nix/store/f6cqkmkb4zjg0gj85mr9bnjbihq3zr2g-ginkgo-2.23.4"
        }
      }
    },
    "github:NixOS/nixpkgs/nixpkgs-unstable": {
      "last_modified": "2025-07-25T08:26:56Z",
      "resolved": "github:NixOS/nixpkgs/6027c30c8e9810896b92429f0092f624f7b1aace?lastModified=1753432016&narHash=sha256-cnL5WWn%2FxkZoyH%2F03NNUS7QgW5vI7D1i74g48qplCvg%3D"
    },
    "go-tools": {
      "resolved": "github:NixOS/nixpkgs/80d50fc87924c2a0d346372d242c27973cf8cdbf?narHash=sha256-3u6rEbIX9CN%2F5A5%2Fmc3u0wIO1geZ0EhjvPBXmRDHqWM%3D#go-tools",
      "source": "nixpkg",
      "systems": {
        "x86_64-linux": {
          "outputs": [
            {
              "path": "/nix/store/wvr1s0nnwz8qqnvwsg1yy59g0iivvmfj-go-tools-2025.1.1",
              "default": true
            }
          ]
        }
      }
    },
    "go@latest": {
      "last_modified": "2025-07-13T22:45:35Z",
      "resolved": "github:NixOS/nixpkgs/a421ac6595024edcfbb1ef950a3712b89161c359#go",
      "source": "devbox-search",
      "version": "1.24.4",
      "systems": {
        "aarch64-darwin": {
          "outputs": [
            {
              "name": "out",
              "path": "/nix/store/f4a0g1p943l61wfvqnpdr73v9bsyfhf2-go-1.24.4",
              "default": true
            }
          ],
          "store_path": "/nix/store/f4a0g1p943l61wfvqnpdr73v9bsyfhf2-go-1.24.4"
        },
        "aarch64-linux": {
          "outputs": [
            {
              "name": "out",
              "path": "/nix/store/mdyik6amglpjs533vk927f9w1qmyw239-go-1.24.4",
              "default": true
            }
          ],
          "store_path": "/nix/store/mdyik6amglpjs533vk927f9w1qmyw239-go-1.24.4"
        },
        "x86_64-darwin": {
          "outputs": [
            {
              "name": "out",
              "path": "/nix/store/b56ngr9p7x6z368w8m7ps95r3x8gdfv7-go-1.24.4",
              "default": true
            }
          ],
          "store_path": "/nix/store/b56ngr9p7x6z368w8m7ps95r3x8gdfv7-go-1.24.4"
        },
        "x86_64-linux": {
          "outputs": [
            {
              "name": "out",
              "path": "/nix/store/xrzqlk92h7z5mz9mlc4a9dyy91n5b68i-go-1.24.4",
              "default": true
            }
          ],
          "store_path": "/nix/store/xrzqlk92h7z5mz9mlc4a9dyy91n5b68i-go-1.24.4"
        }
      }
    },
    "gradle@latest": {
      "last_modified": "2025-09-18T16:33:27Z",
      "plugin_version": "0.0.1",
      "resolved": "github:NixOS/nixpkgs/f4b140d5b253f5e2a1ff4e5506edbf8267724bde#gradle",
      "source": "devbox-search",
      "version": "8.14.3",
      "systems": {
        "aarch64-darwin": {
          "outputs": [
            {
              "name": "out",
              "path": "/nix/store/pz962sb4bs0wwd7wknbjga0l6cp1x9w7-gradle-8.14.3",
              "default": true
            }
          ],
          "store_path": "/nix/store/pz962sb4bs0wwd7wknbjga0l6cp1x9w7-gradle-8.14.3"
        },
        "aarch64-linux": {
          "outputs": [
            {
              "name": "out",
              "path": "/nix/store/qpg5q26fhy1dw87fh4p0n97nlc73x1rs-gradle-8.14.3",
              "default": true
            }
          ],
          "store_path": "/nix/store/qpg5q26fhy1dw87fh4p0n97nlc73x1rs-gradle-8.14.3"
        },
        "x86_64-darwin": {
          "outputs": [
            {
              "name": "out",
              "path": "/nix/store/s29qlp0pzpkl63mbr54zjaxcyfjz7aqk-gradle-8.14.3",
              "default": true
            }
          ],
          "store_path": "/nix/store/s29qlp0pzpkl63mbr54zjaxcyfjz7aqk-gradle-8.14.3"
        },
        "x86_64-linux": {
          "outputs": [
            {
              "name": "out",
              "path": "/nix/store/68937qi3gq3204ix7ybsacfk4al02x3k-gradle-8.14.3",
              "default": true
            }
          ],
          "store_path": "/nix/store/68937qi3gq3204ix7ybsacfk4al02x3k-gradle-8.14.3"
        }
      }
    },
    "grpcurl@latest": {
      "last_modified": "2025-07-13T22:45:35Z",
      "resolved": "github:NixOS/nixpkgs/a421ac6595024edcfbb1ef950a3712b89161c359#grpcurl",
      "source": "devbox-search",
      "version": "1.9.3",
      "systems": {
        "aarch64-darwin": {
          "outputs": [
            {
              "name": "out",
              "path": "/nix/store/wiv130blscfdrg44wgsvw45bi98v81mh-grpcurl-1.9.3",
              "default": true
            }
          ],
          "store_path": "/nix/store/wiv130blscfdrg44wgsvw45bi98v81mh-grpcurl-1.9.3"
        },
        "aarch64-linux": {
          "outputs": [
            {
              "name": "out",
              "path": "/nix/store/5klya331rkfsa8ibrwp8qxbxslq5xcw3-grpcurl-1.9.3",
              "default": true
            }
          ],
          "store_path": "/nix/store/5klya331rkfsa8ibrwp8qxbxslq5xcw3-grpcurl-1.9.3"
        },
        "x86_64-darwin": {
          "outputs": [
            {
              "name": "out",
              "path": "/nix/store/1jkq1gz5vynpm203n2l1b0hj54980dvq-grpcurl-1.9.3",
              "default": true
            }
          ],
          "store_path": "/nix/store/1jkq1gz5vynpm203n2l1b0hj54980dvq-grpcurl-1.9.3"
        },
        "x86_64-linux": {
          "outputs": [
            {
              "name": "out",
              "path": "/nix/store/lzc6vgrz9r5awm7v24i7pnrbfz55ch1v-grpcurl-1.9.3",
              "default": true
            }
          ],
          "store_path": "/nix/store/lzc6vgrz9r5awm7v24i7pnrbfz55ch1v-grpcurl-1.9.3"
        }
      }
    },
    "jdk21@latest": {
      "last_modified": "2024-10-13T23:44:06Z",
      "resolved": "github:NixOS/nixpkgs/d4f247e89f6e10120f911e2e2d2254a050d0f732#jdk",
      "source": "devbox-search",
      "version": "21.0.2",
      "systems": {
        "aarch64-darwin": {
          "outputs": [
            {
              "name": "out",
              "path": "/nix/store/0q256qa09wnplr1fs9c24fm59mn8l76n-zulu-ca-jdk-21.0.2",
              "default": true
            }
          ],
          "store_path": "/nix/store/0q256qa09wnplr1fs9c24fm59mn8l76n-zulu-ca-jdk-21.0.2"
        },
        "x86_64-darwin": {
          "outputs": [
            {
              "name": "out",
              "path": "/nix/store/2x7xn14k5cvrh5j0hvw7v8j9zfp5hlln-zulu-ca-jdk-21.0.2",
              "default": true
            }
          ],
          "store_path": "/nix/store/2x7xn14k5cvrh5j0hvw7v8j9zfp5hlln-zulu-ca-jdk-21.0.2"
        }
      }
    },
    "markdownlint-cli@latest": {
      "last_modified": "2025-07-13T22:45:35Z",
      "resolved": "github:NixOS/nixpkgs/a421ac6595024edcfbb1ef950a3712b89161c359#markdownlint-cli",
      "source": "devbox-search",
      "version": "0.45.0",
      "systems": {
        "aarch64-darwin": {
          "outputs": [
            {
              "name": "out",
              "path": "/nix/store/k4khdln2h439gjl2fv6if4zxh3w6wafb-markdownlint-cli-0.45.0",
              "default": true
            }
          ],
          "store_path": "/nix/store/k4khdln2h439gjl2fv6if4zxh3w6wafb-markdownlint-cli-0.45.0"
        },
        "aarch64-linux": {
          "outputs": [
            {
              "name": "out",
              "path": "/nix/store/76h35i4dlh0qdkalfl8k9y3mkkl2w3lk-markdownlint-cli-0.45.0",
              "default": true
            }
          ],
          "store_path": "/nix/store/76h35i4dlh0qdkalfl8k9y3mkkl2w3lk-markdownlint-cli-0.45.0"
        },
        "x86_64-darwin": {
          "outputs": [
            {
              "name": "out",
              "path": "/nix/store/7cni6ifpb9mjslzlkrivhbdjqcvcxzly-markdownlint-cli-0.45.0",
              "default": true
            }
          ],
          "store_path": "/nix/store/7cni6ifpb9mjslzlkrivhbdjqcvcxzly-markdownlint-cli-0.45.0"
        },
        "x86_64-linux": {
          "outputs": [
            {
              "name": "out",
              "path": "/nix/store/a2knw13mkjxncav3cyf2kxnwpmy9qfvl-markdownlint-cli-0.45.0",
              "default": true
            }
          ],
          "store_path": "/nix/store/a2knw13mkjxncav3cyf2kxnwpmy9qfvl-markdownlint-cli-0.45.0"
        }
      }
    },
    "playwright-driver@latest": {
      "last_modified": "2024-12-23T21:10:33Z",
      "resolved": "github:NixOS/nixpkgs/de1864217bfa9b5845f465e771e0ecb48b30e02d#playwright-driver",
      "source": "devbox-search",
      "version": "1.47.0",
      "systems": {
        "aarch64-darwin": {
          "outputs": [
            {
              "name": "out",
              "path": "/nix/store/hzdrqbkfcxaym9q3qdm69jwz72smzw4a-playwright-core-1.47.0",
              "default": true
            }
          ],
          "store_path": "/nix/store/hzdrqbkfcxaym9q3qdm69jwz72smzw4a-playwright-core-1.47.0"
        },
        "aarch64-linux": {
          "outputs": [
            {
              "name": "out",
              "path": "/nix/store/w8x55927m71dl367zn0n2xxakpw9fnqb-playwright-core-1.47.0",
              "default": true
            }
          ],
          "store_path": "/nix/store/w8x55927m71dl367zn0n2xxakpw9fnqb-playwright-core-1.47.0"
        },
        "x86_64-darwin": {
          "outputs": [
            {
              "name": "out",
              "path": "/nix/store/4r0k517n82md7gkcismiyv190qlaywrs-playwright-core-1.47.0",
              "default": true
            }
          ],
          "store_path": "/nix/store/4r0k517n82md7gkcismiyv190qlaywrs-playwright-core-1.47.0"
        },
        "x86_64-linux": {
          "outputs": [
            {
              "name": "out",
              "path": "/nix/store/qg003zb2frc7b7kmkhmhw6y36x5820dm-playwright-core-1.47.0",
              "default": true
            }
          ],
          "store_path": "/nix/store/qg003zb2frc7b7kmkhmhw6y36x5820dm-playwright-core-1.47.0"
        }
      }
    },
    "playwright-test@latest": {
      "last_modified": "2025-07-24T23:24:55Z",
      "resolved": "github:NixOS/nixpkgs/0d00f23f023b7215b3f1035adb5247c8ec180dbc#playwright-test",
      "source": "devbox-search",
      "version": "1.54.1",
      "systems": {
        "aarch64-darwin": {
          "outputs": [
            {
              "name": "out",
              "path": "/nix/store/av18v4napasnx5jvj6snli26cskkiy5a-playwright-test-1.54.1",
              "default": true
            }
          ],
          "store_path": "/nix/store/av18v4napasnx5jvj6snli26cskkiy5a-playwright-test-1.54.1"
        },
        "aarch64-linux": {
          "outputs": [
            {
              "name": "out",
              "path": "/nix/store/2jfm794iddp0flaj5b8fpdl68np8wnif-playwright-test-1.54.1",
              "default": true
            }
          ],
          "store_path": "/nix/store/2jfm794iddp0flaj5b8fpdl68np8wnif-playwright-test-1.54.1"
        },
        "x86_64-darwin": {
          "outputs": [
            {
              "name": "out",
              "path": "/nix/store/dr9hw38yfa1d3z0pdwkkfrld2rpdn35g-playwright-test-1.54.1",
              "default": true
            }
          ],
          "store_path": "/nix/store/dr9hw38yfa1d3z0pdwkkfrld2rpdn35g-playwright-test-1.54.1"
        },
        "x86_64-linux": {
          "outputs": [
            {
              "name": "out",
              "path": "/nix/store/d7nj0y597kwrjhzaw0cdvfrl1r8b3157-playwright-test-1.54.1",
              "default": true
            }
          ],
          "store_path": "/nix/store/d7nj0y597kwrjhzaw0cdvfrl1r8b3157-playwright-test-1.54.1"
        }
      }
    },
    "playwright@latest": {
      "last_modified": "2025-07-24T23:24:55Z",
      "resolved": "github:NixOS/nixpkgs/0d00f23f023b7215b3f1035adb5247c8ec180dbc#playwright",
      "source": "devbox-search",
      "version": "1.54.1",
      "systems": {
        "aarch64-darwin": {
          "outputs": [
            {
              "name": "out",
              "path": "/nix/store/nlyq2pc005aflknvx1bi40fl92jbrmkb-playwright-core-1.54.1",
              "default": true
            }
          ],
          "store_path": "/nix/store/nlyq2pc005aflknvx1bi40fl92jbrmkb-playwright-core-1.54.1"
        },
        "aarch64-linux": {
          "outputs": [
            {
              "name": "out",
              "path": "/nix/store/6priiq7iyqca1lysjh0x95c0i9282a4q-playwright-core-1.54.1",
              "default": true
            }
          ],
          "store_path": "/nix/store/6priiq7iyqca1lysjh0x95c0i9282a4q-playwright-core-1.54.1"
        },
        "x86_64-darwin": {
          "outputs": [
            {
              "name": "out",
              "path": "/nix/store/vhirczs8p8zinqbdg47j7gwv6q6j8r0j-playwright-core-1.54.1",
              "default": true
            }
          ],
          "store_path": "/nix/store/vhirczs8p8zinqbdg47j7gwv6q6j8r0j-playwright-core-1.54.1"
        },
        "x86_64-linux": {
          "outputs": [
            {
              "name": "out",
              "path": "/nix/store/lmwwapz08gmnf1dsbz4i1v83cc8cwhdd-playwright-core-1.54.1",
              "default": true
            }
          ],
          "store_path": "/nix/store/lmwwapz08gmnf1dsbz4i1v83cc8cwhdd-playwright-core-1.54.1"
        }
      }
    },
    "podman@latest": {
      "last_modified": "2025-07-13T22:45:35Z",
      "resolved": "github:NixOS/nixpkgs/a421ac6595024edcfbb1ef950a3712b89161c359#podman",
      "source": "devbox-search",
      "version": "5.5.2",
      "systems": {
        "aarch64-darwin": {
          "outputs": [
            {
              "name": "out",
              "path": "/nix/store/76znysy94hs5h1pgwqm7a5rsqnaqxmna-podman-5.5.2",
              "default": true
            },
            {
              "name": "man",
              "path": "/nix/store/rfwljbr6g5b1ffh7x0raf4rkksl3z89r-podman-5.5.2-man",
              "default": true
            }
          ],
          "store_path": "/nix/store/76znysy94hs5h1pgwqm7a5rsqnaqxmna-podman-5.5.2"
        },
        "aarch64-linux": {
          "outputs": [
            {
              "name": "out",
              "path": "/nix/store/872mm7555abvzsxy1lhav7an1y05yyzm-podman-5.5.2",
              "default": true
            },
            {
              "name": "man",
              "path": "/nix/store/79lk2xzkyr58mi458rmppm3p5iagcjn9-podman-5.5.2-man",
              "default": true
            }
          ],
          "store_path": "/nix/store/872mm7555abvzsxy1lhav7an1y05yyzm-podman-5.5.2"
        },
        "x86_64-darwin": {
          "outputs": [
            {
              "name": "out",
              "path": "/nix/store/dakydc1lhgi8brdgp46wk5403yyjhggd-podman-5.5.2",
              "default": true
            },
            {
              "name": "man",
              "path": "/nix/store/jcbg3y7kbgg9qgm48id84va724svza5k-podman-5.5.2-man",
              "default": true
            }
          ],
          "store_path": "/nix/store/dakydc1lhgi8brdgp46wk5403yyjhggd-podman-5.5.2"
        },
        "x86_64-linux": {
          "outputs": [
            {
              "name": "out",
              "path": "/nix/store/bn2zm0h5qrflm1mz8r94ynyr2xkh6kak-podman-5.5.2",
              "default": true
            },
            {
              "name": "man",
              "path": "/nix/store/zmdh76dq4fl769ljcy21v1rw5vn2b706-podman-5.5.2-man",
              "default": true
            }
          ],
          "store_path": "/nix/store/bn2zm0h5qrflm1mz8r94ynyr2xkh6kak-podman-5.5.2"
        }
      }
    },
    "revive@latest": {
      "last_modified": "2025-07-13T22:45:35Z",
      "resolved": "github:NixOS/nixpkgs/a421ac6595024edcfbb1ef950a3712b89161c359#revive",
      "source": "devbox-search",
      "version": "1.11.0",
      "systems": {
        "aarch64-darwin": {
          "outputs": [
            {
              "name": "out",
              "path": "/nix/store/86wvvjd60y79m0wh76gjpxivkjgfv441-revive-1.11.0",
              "default": true
            }
          ],
          "store_path": "/nix/store/86wvvjd60y79m0wh76gjpxivkjgfv441-revive-1.11.0"
        },
        "aarch64-linux": {
          "outputs": [
            {
              "name": "out",
              "path": "/nix/store/rpmqh7snr1y4d90qfivzld9wf4lw2hrd-revive-1.11.0",
              "default": true
            }
          ],
          "store_path": "/nix/store/rpmqh7snr1y4d90qfivzld9wf4lw2hrd-revive-1.11.0"
        },
        "x86_64-darwin": {
          "outputs": [
            {
              "name": "out",
              "path": "/nix/store/pp4f8ksgmknd8zrw35azifq6yswi8n26-revive-1.11.0",
              "default": true
            }
          ],
          "store_path": "/nix/store/pp4f8ksgmknd8zrw35azifq6yswi8n26-revive-1.11.0"
        },
        "x86_64-linux": {
          "outputs": [
            {
              "name": "out",
              "path": "/nix/store/wdyz68mzrppnqa7pcj3a7jag5a126p9j-revive-1.11.0",
              "default": true
            }
          ],
          "store_path": "/nix/store/wdyz68mzrppnqa7pcj3a7jag5a126p9j-revive-1.11.0"
        }
      }
    },
    "rootlesskit@latest": {
      "last_modified": "2025-07-13T22:45:35Z",
      "resolved": "github:NixOS/nixpkgs/a421ac6595024edcfbb1ef950a3712b89161c359#rootlesskit",
      "source": "devbox-search",
      "version": "2.3.5",
      "systems": {
        "aarch64-linux": {
          "outputs": [
            {
              "name": "out",
              "path": "/nix/store/2p8kpks9r7158zlmdg7wpw5lkj9i9z4y-rootlesskit-2.3.5",
              "default": true
            }
          ],
          "store_path": "/nix/store/2p8kpks9r7158zlmdg7wpw5lkj9i9z4y-rootlesskit-2.3.5"
        },
        "x86_64-linux": {
          "outputs": [
            {
              "name": "out",
              "path": "/nix/store/2h68xwxay2bxgp8a2k5wg739amrp4kcl-rootlesskit-2.3.5",
              "default": true
            }
          ],
          "store_path": "/nix/store/2h68xwxay2bxgp8a2k5wg739amrp4kcl-rootlesskit-2.3.5"
        }
      }
    }
  }
}
